{
  "name": "processgraphiql",
  "version": "1.0.0",
  "lockfileVersion": 1,
  "requires": true,
  "dependencies": {
    "argparse": {
      "version": "1.0.10",
      "resolved": "https://registry.npmjs.org/argparse/-/argparse-1.0.10.tgz",
      "integrity": "sha512-o5Roy6tNG4SL/FOkCAN6RzjiakZS25RLYFrcMttJqbdd8BWrnA+fGz57iN5Pb06pvBGvl5gQ0B48dJlslXvoTg==",
      "requires": {
        "sprintf-js": "~1.0.2"
      }
    },
    "balanced-match": {
      "version": "1.0.0",
      "resolved": "https://registry.npmjs.org/balanced-match/-/balanced-match-1.0.0.tgz",
      "integrity": "sha1-ibTRmasr7kneFk6gK4nORi1xt2c="
    },
    "brace-expansion": {
      "version": "1.1.11",
      "resolved": "https://registry.npmjs.org/brace-expansion/-/brace-expansion-1.1.11.tgz",
      "integrity": "sha512-iCuPHDFgrHX7H2vEI/5xpz07zSHB00TpugqhmYtVmMO6518mCuRMoOYFldEBl0g187ufozdaHgWKcYFb61qGiA==",
      "requires": {
        "balanced-match": "^1.0.0",
        "concat-map": "0.0.1"
      }
    },
    "codemirror": {
      "version": "5.48.4",
      "resolved": "https://registry.npmjs.org/codemirror/-/codemirror-5.48.4.tgz",
      "integrity": "sha512-pUhZXDQ6qXSpWdwlgAwHEkd4imA0kf83hINmUEzJpmG80T/XLtDDEzZo8f6PQLuRCcUQhmzqqIo3ZPTRaWByRA=="
    },
    "codemirror-graphql": {
      "version": "0.9.0",
      "resolved": "https://registry.npmjs.org/codemirror-graphql/-/codemirror-graphql-0.9.0.tgz",
      "integrity": "sha512-dB2V9zj0NYjR25Xt0/N0WA7V0yDaCDH4/6N61aBS8JS49y3CCwsW5m8IL0DXYunIfBUin/I9fFwiHL22/e/BHQ==",
      "requires": {
        "graphql-language-service-interface": "^2.1.0",
        "graphql-language-service-parser": "^1.3.0"
      }
    },
    "concat-map": {
      "version": "0.0.1",
      "resolved": "https://registry.npmjs.org/concat-map/-/concat-map-0.0.1.tgz",
      "integrity": "sha1-2Klr13/Wjfd5OnMDajug1UBdR3s="
    },
    "copy-to-clipboard": {
      "version": "3.2.0",
      "resolved": "https://registry.npmjs.org/copy-to-clipboard/-/copy-to-clipboard-3.2.0.tgz",
      "integrity": "sha512-eOZERzvCmxS8HWzugj4Uxl8OJxa7T2k1Gi0X5qavwydHIfuSHq2dTD09LOg/XyGq4Zpb5IsR/2OJ5lbOegz78w==",
      "requires": {
        "toggle-selection": "^1.0.6"
      }
    },
    "cross-fetch": {
      "version": "2.2.2",
      "resolved": "https://registry.npmjs.org/cross-fetch/-/cross-fetch-2.2.2.tgz",
      "integrity": "sha1-pH/09/xxLauo9qaVoRyUhEDUVyM=",
      "requires": {
        "node-fetch": "2.1.2",
        "whatwg-fetch": "2.0.4"
      }
    },
    "entities": {
      "version": "1.1.2",
      "resolved": "https://registry.npmjs.org/entities/-/entities-1.1.2.tgz",
      "integrity": "sha512-f2LZMYl1Fzu7YSBKg+RoROelpOaNrcGmE9AZubeDfrCEia483oW4MI4VyFd5VNHIgQ/7qm1I0wUHK1eJnn2y2w=="
    },
    "esprima": {
      "version": "4.0.1",
      "resolved": "https://registry.npmjs.org/esprima/-/esprima-4.0.1.tgz",
      "integrity": "sha512-eGuFFw7Upda+g4p+QHvnW0RyTX/SVeJBDM/gCtMARO0cLuT2HcEKnTPvhjV6aGeqrCB/sbNop0Kszm0jsaWU4A=="
    },
    "graphiql": {
      "version": "0.14.2",
      "resolved": "https://registry.npmjs.org/graphiql/-/graphiql-0.14.2.tgz",
      "integrity": "sha512-4vhGm3nmJBtaOcjq6r4QeZ+zg+DA5fwn0OZXvgmyHO3J11xnp8n9PQP8IGrGWTJL6Ey1vNtOgn1VbSy2Ixwg6A==",
      "requires": {
        "codemirror": "^5.47.0",
        "codemirror-graphql": "^0.9.0",
        "copy-to-clipboard": "^3.2.0",
        "markdown-it": "^8.4.0",
        "regenerator-runtime": "^0.13.3"
      }
    },
    "graphql-config": {
      "version": "2.2.1",
      "resolved": "https://registry.npmjs.org/graphql-config/-/graphql-config-2.2.1.tgz",
      "integrity": "sha512-U8+1IAhw9m6WkZRRcyj8ZarK96R6lQBQ0an4lp76Ps9FyhOXENC5YQOxOFGm5CxPrX2rD0g3Je4zG5xdNJjwzQ==",
      "requires": {
        "graphql-import": "^0.7.1",
        "graphql-request": "^1.5.0",
        "js-yaml": "^3.10.0",
        "lodash": "^4.17.4",
        "minimatch": "^3.0.4"
      }
    },
    "graphql-import": {
      "version": "0.7.1",
      "resolved": "https://registry.npmjs.org/graphql-import/-/graphql-import-0.7.1.tgz",
      "integrity": "sha512-YpwpaPjRUVlw2SN3OPljpWbVRWAhMAyfSba5U47qGMOSsPLi2gYeJtngGpymjm9nk57RFWEpjqwh4+dpYuFAPw==",
      "requires": {
        "lodash": "^4.17.4",
        "resolve-from": "^4.0.0"
      }
    },
    "graphql-language-service-interface": {
      "version": "2.1.0",
      "resolved": "https://registry.npmjs.org/graphql-language-service-interface/-/graphql-language-service-interface-2.1.0.tgz",
      "integrity": "sha512-GpVv1h03nahz7E6oUrYbtlNdi4zXZPhR+YDydM76lE4SiOuxYkUBup7qg0wPL1Y2dWxEDrV1FECbfbuudRWl5Q==",
      "requires": {
        "graphql-config": "2.2.1",
        "graphql-language-service-parser": "^1.3.0",
        "graphql-language-service-types": "^1.3.0",
        "graphql-language-service-utils": "^2.1.0"
      }
    },
    "graphql-language-service-parser": {
      "version": "1.3.0",
      "resolved": "https://registry.npmjs.org/graphql-language-service-parser/-/graphql-language-service-parser-1.3.0.tgz",
      "integrity": "sha512-IVW5EQts6CCm6G1pJzyOSNGv28Ia1afyx7gGIhDQkbXbNmShbNOneUWyURbawX9fL2A1AGhdA80fuCSLO8Jb9Q==",
      "requires": {
        "graphql-config": "2.2.1",
        "graphql-language-service-types": "^1.3.0"
      }
    },
    "graphql-language-service-types": {
      "version": "1.3.0",
      "resolved": "https://registry.npmjs.org/graphql-language-service-types/-/graphql-language-service-types-1.3.0.tgz",
      "integrity": "sha512-agVSOtvr1qKgURsNONI7pY6xRshVTTxhBSUZvyNDFKYma1P/uWK9xVuPyU4zMuXeugaWNGysWAf4VgP8SnawxA==",
      "requires": {
        "graphql-config": "2.2.1"
      }
    },
    "graphql-language-service-utils": {
      "version": "2.1.0",
      "resolved": "https://registry.npmjs.org/graphql-language-service-utils/-/graphql-language-service-utils-2.1.0.tgz",
      "integrity": "sha512-ZUCyFeEbXUL63TxK37Uc+dbX+M7HGxCMIvaMN+HZpnpYb8ga71B7H9hg3z4zhPLbMecczuPNcmVlQhcmtClJ8A==",
      "requires": {
        "graphql-config": "2.2.1",
        "graphql-language-service-types": "^1.3.0"
      }
    },
    "graphql-request": {
      "version": "1.8.2",
      "resolved": "https://registry.npmjs.org/graphql-request/-/graphql-request-1.8.2.tgz",
      "integrity": "sha512-dDX2M+VMsxXFCmUX0Vo0TopIZIX4ggzOtiCsThgtrKR4niiaagsGTDIHj3fsOMFETpa064vzovI+4YV4QnMbcg==",
      "requires": {
        "cross-fetch": "2.2.2"
      }
    },
    "js-yaml": {
      "version": "3.13.1",
      "resolved": "https://registry.npmjs.org/js-yaml/-/js-yaml-3.13.1.tgz",
      "integrity": "sha512-YfbcO7jXDdyj0DGxYVSlSeQNHbD7XPWvrVWeVUujrQEoZzWJIRrCPoyk6kL6IAjAG2IolMK4T0hNUe0HOUs5Jw==",
      "requires": {
        "argparse": "^1.0.7",
        "esprima": "^4.0.0"
      }
    },
    "linkify-it": {
      "version": "2.2.0",
      "resolved": "https://registry.npmjs.org/linkify-it/-/linkify-it-2.2.0.tgz",
      "integrity": "sha512-GnAl/knGn+i1U/wjBz3akz2stz+HrHLsxMwHQGofCDfPvlf+gDKN58UtfmUquTY4/MXeE2x7k19KQmeoZi94Iw==",
      "requires": {
        "uc.micro": "^1.0.1"
      }
    },
    "lodash": {
      "version": "4.17.15",
      "resolved": "https://registry.npmjs.org/lodash/-/lodash-4.17.15.tgz",
      "integrity": "sha512-8xOcRHvCjnocdS5cpwXQXVzmmh5e5+saE2QGoeQmbKmRS6J3VQppPOIt0MnmE+4xlZoumy0GPG0D0MVIQbNA1A=="
    },
    "markdown-it": {
      "version": "8.4.2",
      "resolved": "https://registry.npmjs.org/markdown-it/-/markdown-it-8.4.2.tgz",
      "integrity": "sha512-GcRz3AWTqSUphY3vsUqQSFMbgR38a4Lh3GWlHRh/7MRwz8mcu9n2IO7HOh+bXHrR9kOPDl5RNCaEsrneb+xhHQ==",
      "requires": {
        "argparse": "^1.0.7",
        "entities": "~1.1.1",
        "linkify-it": "^2.0.0",
        "mdurl": "^1.0.1",
        "uc.micro": "^1.0.5"
      }
    },
    "mdurl": {
      "version": "1.0.1",
      "resolved": "https://registry.npmjs.org/mdurl/-/mdurl-1.0.1.tgz",
      "integrity": "sha1-/oWy7HWlkDfyrf7BAP1sYBdhFS4="
    },
    "minimatch": {
      "version": "3.0.4",
      "resolved": "https://registry.npmjs.org/minimatch/-/minimatch-3.0.4.tgz",
      "integrity": "sha512-yJHVQEhyqPLUTgt9B83PXu6W3rx4MvvHvSUvToogpwoGDOUQ+yDrR0HRot+yOCdCO7u4hX3pWft6kWBBcqh0UA==",
      "requires": {
        "brace-expansion": "^1.1.7"
      }
    },
    "node-fetch": {
      "version": "2.1.2",
      "resolved": "https://registry.npmjs.org/node-fetch/-/node-fetch-2.1.2.tgz",
      "integrity": "sha1-q4hOjn5X44qUR1POxwb3iNF2i7U="
    },
    "regenerator-runtime": {
      "version": "0.13.3",
      "resolved": "https://registry.npmjs.org/regenerator-runtime/-/regenerator-runtime-0.13.3.tgz",
      "integrity": "sha512-naKIZz2GQ8JWh///G7L3X6LaQUAMp2lvb1rvwwsURe/VXwD6VMfr+/1NuNw3ag8v2kY1aQ/go5SNn79O9JU7yw=="
    },
    "resolve-from": {
      "version": "4.0.0",
      "resolved": "https://registry.npmjs.org/resolve-from/-/resolve-from-4.0.0.tgz",
      "integrity": "sha512-pb/MYmXstAkysRFx8piNI1tGFNQIFA3vkE3Gq4EuA1dF6gHp/+vgZqsCGJapvy8N3Q+4o7FwvquPJcnZ7RYy4g=="
    },
    "sprintf-js": {
      "version": "1.0.3",
      "resolved": "https://registry.npmjs.org/sprintf-js/-/sprintf-js-1.0.3.tgz",
      "integrity": "sha1-BOaSb2YolTVPPdAVIDYzuFcpfiw="
    },
    "toggle-selection": {
      "version": "1.0.6",
      "resolved": "https://registry.npmjs.org/toggle-selection/-/toggle-selection-1.0.6.tgz",
      "integrity": "sha1-bkWxJj8gF/oKzH2J14sVuL932jI="
    },
    "uc.micro": {
      "version": "1.0.6",
      "resolved": "https://registry.npmjs.org/uc.micro/-/uc.micro-1.0.6.tgz",
      "integrity": "sha512-8Y75pvTYkLJW2hWQHXxoqRgV7qb9B+9vFEtidML+7koHUFapnVJAZ6cKs+Qjz5Aw3aZWHMC6u0wJE3At+nSGwA=="
    },
    "whatwg-fetch": {
      "version": "2.0.4",
      "resolved": "https://registry.npmjs.org/whatwg-fetch/-/whatwg-fetch-2.0.4.tgz",
      "integrity": "sha512-dcQ1GWpOD/eEQ97k66aiEVpNnapVj90/+R+SXTPYGHpYBBypfKJEQjLrvMZ7YXbKm21gXd4NcuxUTjiv1YtLng=="
    }
  }
}
